
Microsoft Visual Studio Solution File, Format Version 12.00
# Visual Studio Version 17
VisualStudioVersion = 17.5.002.0
MinimumVisualStudioVersion = 10.0.40219.1
Project("{9A19103F-16F7-4668-BE54-9A1E7A4F7556}") = "ParallelOpsLab", "ParallelOpsLab.csproj", "{212D0781-59D9-47BC-8AF5-E94286C0789A}"
EndProject
Global
	GlobalSection(SolutionConfigurationPlatforms) = preSolution
		Debug|Any CPU = Debug|Any CPU
		Release|Any CPU = Release|Any CPU
	EndGlobalSection
	GlobalSection(ProjectConfigurationPlatforms) = postSolution
		{212D0781-59D9-47BC-8AF5-E94286C0789A}.Debug|Any CPU.ActiveCfg = Debug|Any CPU
		{212D0781-59D9-47BC-8AF5-E94286C0789A}.Debug|Any CPU.Build.0 = Debug|Any CPU
		{212D0781-59D9-47BC-8AF5-E94286C0789A}.Release|Any CPU.ActiveCfg = Release|Any CPU
		{212D0781-59D9-47BC-8AF5-E94286C0789A}.Release|Any CPU.Build.0 = Release|Any CPU
	EndGlobalSection
	GlobalSection(SolutionProperties) = preSolution
		HideSolutionNode = FALSE
	EndGlobalSection
	GlobalSection(ExtensibilityGlobals) = postSolution
		SolutionGuid = {E9589321-E97D-4E8C-9A4A-4B2D6E282EFE}
	EndGlobalSection
EndGlobal
